
Microsoft Visual Studio Solution File, Format Version 12.00
# Visual Studio Version 17
VisualStudioVersion = 17.4.33205.214
MinimumVisualStudioVersion = 10.0.40219.1
Project("{FAE04EC0-301F-11D3-BF4B-00C04F79EFBC}") = "D01_OOP_Encapsulation", "D01_OOP_Encapsulation\D01_OOP_Encapsulation.csproj", "{EAFDD6AD-A0CD-456D-9DCC-99C3E726CE0C}"
EndProject
Project("{FAE04EC0-301F-11D3-BF4B-00C04F79EFBC}") = "D00_Utility", "D00_Utility\D00_Utility.csproj", "{FF06BC2D-352B-40C9-A4CA-FE3EE76351D8}"
EndProject
Project("{FAE04EC0-301F-11D3-BF4B-00C04F79EFBC}") = "D02_OOP_Inheritance", "D02_OOP_Inheritance\D02_OOP_Inheritance.csproj", "{EF493A3C-60FC-4517-BD13-22A9AAF4C47A}"
EndProject
Project("{FAE04EC0-301F-11D3-BF4B-00C04F79EFBC}") = "D03_OOP_Polymorphism", "D03_OOP_Polymorphism\D03_OOP_Polymorphism.csproj", "{E045A54F-12C9-4B3B-8824-D878B5D2C915}"
EndProject
Project("{FAE04EC0-301F-11D3-BF4B-00C04F79EFBC}") = "D04_OOP_Abstaction", "D04_OOP_Abstaction\D04_OOP_Abstaction.csproj", "{BDC4B8BE-B32C-4EBB-ABA5-1255900E8945}"
EndProject
Project("{FAE04EC0-301F-11D3-BF4B-00C04F79EFBC}") = "D05_OOP_Interfaces", "D05_OOP_Interfaces\D05_OOP_Interfaces.csproj", "{3239D908-8B89-491B-B6A0-28CAD28B014A}"
EndProject
Project("{FAE04EC0-301F-11D3-BF4B-00C04F79EFBC}") = "E01_OOP_Interfaces_Veiculo", "E01_OOP_Interfaces_Veiculo\E01_OOP_Interfaces_Veiculo.csproj", "{40037DCB-FC14-43FA-88E5-2015735A3B1C}"
EndProject
Project("{FAE04EC0-301F-11D3-BF4B-00C04F79EFBC}") = "D06_Colections_ArrayList", "D06_Colections_ArrayList\D06_Colections_ArrayList.csproj", "{48C48D45-AC56-4804-A3C6-CC436E6AEA68}"
EndProject
Project("{FAE04EC0-301F-11D3-BF4B-00C04F79EFBC}") = "D07_CollectionsGeneric_List", "D07_CollectionsGeneric_List\D07_CollectionsGeneric_List.csproj", "{C6D9EDC5-BE8D-4953-B4A2-E3C62CE9B26B}"
EndProject
Project("{FAE04EC0-301F-11D3-BF4B-00C04F79EFBC}") = "D08_CollectionsGeneric_Queue", "D08_CollectionsGeneric_Queue\D08_CollectionsGeneric_Queue.csproj", "{C8E2D9AA-811B-4F30-A308-BB7F5D65C6D5}"
EndProject
Project("{FAE04EC0-301F-11D3-BF4B-00C04F79EFBC}") = "D09_CollectionsGeneric_Stack", "D09_CollectionsGeneric_Stack\D09_CollectionsGeneric_Stack.csproj", "{8AE7C205-6DF4-4119-B51F-D7AC3B5A24D6}"
EndProject
Project("{FAE04EC0-301F-11D3-BF4B-00C04F79EFBC}") = "D11_CollectionsGeneric_IEnumerable", "D11_CollectionsGeneric_IEnumerable\D11_CollectionsGeneric_IEnumerable.csproj", "{1AA8691F-C821-4BF8-BFD9-3BE88463DBE0}"
EndProject
Project("{FAE04EC0-301F-11D3-BF4B-00C04F79EFBC}") = "E02_OOP_Collections_Car", "E02_OOP_Collections_Car\E02_OOP_Collections_Car.csproj", "{8B34BC57-DD40-47CA-87C4-DEE3893E75A7}"
EndProject
Project("{FAE04EC0-301F-11D3-BF4B-00C04F79EFBC}") = "D10_CollectionsGeneric_Dictionary", "D10_CollectionsGeneric_Dictionary\D10_CollectionsGeneric_Dictionary.csproj", "{5411006B-BD60-4620-AB96-709B64046B5E}"
EndProject
Project("{FAE04EC0-301F-11D3-BF4B-00C04F79EFBC}") = "E03_OOP_Calculator_v01", "E03_OOP_Calculator_v01\E03_OOP_Calculator_v01.csproj", "{C80F1107-60A4-484B-A801-7D8CA0D63E35}"
EndProject
Project("{FAE04EC0-301F-11D3-BF4B-00C04F79EFBC}") = "D12_Linq", "D12_Linq\D12_Linq.csproj", "{4A8A268C-3EEB-4D3B-989A-CAC9113E16B2}"
EndProject
Project("{FAE04EC0-301F-11D3-BF4B-00C04F79EFBC}") = "E04_LINQ_LinqToObjects", "E04_LINQ_LinqToObjects\E04_LINQ_LinqToObjects.csproj", "{8FB2E402-1FDD-4A78-80AF-DAA3A1CC0F4A}"
EndProject
Project("{FAE04EC0-301F-11D3-BF4B-00C04F79EFBC}") = "E04_LINQ_LinqToObjects_v2", "E04_LINQ_LinqToObjects_v2\E04_LINQ_LinqToObjects_v2.csproj", "{11E7E15B-A8DF-4128-AE8A-0C7BA55616F6}"
EndProject
Project("{FAE04EC0-301F-11D3-BF4B-00C04F79EFBC}") = "E05_LINQ_LinqMethods", "E05_LINQ_LinqMethods\E05_LINQ_LinqMethods.csproj", "{94E7DAF3-ABB1-4C46-94FC-3C586DB36CA5}"
EndProject
Project("{FAE04EC0-301F-11D3-BF4B-00C04F79EFBC}") = "E06_OOP_CacaTesouro", "E06_OOP_CacaTesouro\E06_OOP_CacaTesouro.csproj", "{1972A8EB-9DD4-450D-BF23-97935491ECC1}"
EndProject
Global
	GlobalSection(SolutionConfigurationPlatforms) = preSolution
		Debug|Any CPU = Debug|Any CPU
		Release|Any CPU = Release|Any CPU
	EndGlobalSection
	GlobalSection(ProjectConfigurationPlatforms) = postSolution
		{EAFDD6AD-A0CD-456D-9DCC-99C3E726CE0C}.Debug|Any CPU.ActiveCfg = Debug|Any CPU
		{EAFDD6AD-A0CD-456D-9DCC-99C3E726CE0C}.Debug|Any CPU.Build.0 = Debug|Any CPU
		{EAFDD6AD-A0CD-456D-9DCC-99C3E726CE0C}.Release|Any CPU.ActiveCfg = Release|Any CPU
		{EAFDD6AD-A0CD-456D-9DCC-99C3E726CE0C}.Release|Any CPU.Build.0 = Release|Any CPU
		{FF06BC2D-352B-40C9-A4CA-FE3EE76351D8}.Debug|Any CPU.ActiveCfg = Debug|Any CPU
		{FF06BC2D-352B-40C9-A4CA-FE3EE76351D8}.Debug|Any CPU.Build.0 = Debug|Any CPU
		{FF06BC2D-352B-40C9-A4CA-FE3EE76351D8}.Release|Any CPU.ActiveCfg = Release|Any CPU
		{FF06BC2D-352B-40C9-A4CA-FE3EE76351D8}.Release|Any CPU.Build.0 = Release|Any CPU
		{EF493A3C-60FC-4517-BD13-22A9AAF4C47A}.Debug|Any CPU.ActiveCfg = Debug|Any CPU
		{EF493A3C-60FC-4517-BD13-22A9AAF4C47A}.Debug|Any CPU.Build.0 = Debug|Any CPU
		{EF493A3C-60FC-4517-BD13-22A9AAF4C47A}.Release|Any CPU.ActiveCfg = Release|Any CPU
		{EF493A3C-60FC-4517-BD13-22A9AAF4C47A}.Release|Any CPU.Build.0 = Release|Any CPU
		{E045A54F-12C9-4B3B-8824-D878B5D2C915}.Debug|Any CPU.ActiveCfg = Debug|Any CPU
		{E045A54F-12C9-4B3B-8824-D878B5D2C915}.Debug|Any CPU.Build.0 = Debug|Any CPU
		{E045A54F-12C9-4B3B-8824-D878B5D2C915}.Release|Any CPU.ActiveCfg = Release|Any CPU
		{E045A54F-12C9-4B3B-8824-D878B5D2C915}.Release|Any CPU.Build.0 = Release|Any CPU
		{BDC4B8BE-B32C-4EBB-ABA5-1255900E8945}.Debug|Any CPU.ActiveCfg = Debug|Any CPU
		{BDC4B8BE-B32C-4EBB-ABA5-1255900E8945}.Debug|Any CPU.Build.0 = Debug|Any CPU
		{BDC4B8BE-B32C-4EBB-ABA5-1255900E8945}.Release|Any CPU.ActiveCfg = Release|Any CPU
		{BDC4B8BE-B32C-4EBB-ABA5-1255900E8945}.Release|Any CPU.Build.0 = Release|Any CPU
		{3239D908-8B89-491B-B6A0-28CAD28B014A}.Debug|Any CPU.ActiveCfg = Debug|Any CPU
		{3239D908-8B89-491B-B6A0-28CAD28B014A}.Debug|Any CPU.Build.0 = Debug|Any CPU
		{3239D908-8B89-491B-B6A0-28CAD28B014A}.Release|Any CPU.ActiveCfg = Release|Any CPU
		{3239D908-8B89-491B-B6A0-28CAD28B014A}.Release|Any CPU.Build.0 = Release|Any CPU
		{40037DCB-FC14-43FA-88E5-2015735A3B1C}.Debug|Any CPU.ActiveCfg = Debug|Any CPU
		{40037DCB-FC14-43FA-88E5-2015735A3B1C}.Debug|Any CPU.Build.0 = Debug|Any CPU
		{40037DCB-FC14-43FA-88E5-2015735A3B1C}.Release|Any CPU.ActiveCfg = Release|Any CPU
		{40037DCB-FC14-43FA-88E5-2015735A3B1C}.Release|Any CPU.Build.0 = Release|Any CPU
		{48C48D45-AC56-4804-A3C6-CC436E6AEA68}.Debug|Any CPU.ActiveCfg = Debug|Any CPU
		{48C48D45-AC56-4804-A3C6-CC436E6AEA68}.Debug|Any CPU.Build.0 = Debug|Any CPU
		{48C48D45-AC56-4804-A3C6-CC436E6AEA68}.Release|Any CPU.ActiveCfg = Release|Any CPU
		{48C48D45-AC56-4804-A3C6-CC436E6AEA68}.Release|Any CPU.Build.0 = Release|Any CPU
		{C6D9EDC5-BE8D-4953-B4A2-E3C62CE9B26B}.Debug|Any CPU.ActiveCfg = Debug|Any CPU
		{C6D9EDC5-BE8D-4953-B4A2-E3C62CE9B26B}.Debug|Any CPU.Build.0 = Debug|Any CPU
		{C6D9EDC5-BE8D-4953-B4A2-E3C62CE9B26B}.Release|Any CPU.ActiveCfg = Release|Any CPU
		{C6D9EDC5-BE8D-4953-B4A2-E3C62CE9B26B}.Release|Any CPU.Build.0 = Release|Any CPU
		{C8E2D9AA-811B-4F30-A308-BB7F5D65C6D5}.Debug|Any CPU.ActiveCfg = Debug|Any CPU
		{C8E2D9AA-811B-4F30-A308-BB7F5D65C6D5}.Debug|Any CPU.Build.0 = Debug|Any CPU
		{C8E2D9AA-811B-4F30-A308-BB7F5D65C6D5}.Release|Any CPU.ActiveCfg = Release|Any CPU
		{C8E2D9AA-811B-4F30-A308-BB7F5D65C6D5}.Release|Any CPU.Build.0 = Release|Any CPU
		{8AE7C205-6DF4-4119-B51F-D7AC3B5A24D6}.Debug|Any CPU.ActiveCfg = Debug|Any CPU
		{8AE7C205-6DF4-4119-B51F-D7AC3B5A24D6}.Debug|Any CPU.Build.0 = Debug|Any CPU
		{8AE7C205-6DF4-4119-B51F-D7AC3B5A24D6}.Release|Any CPU.ActiveCfg = Release|Any CPU
		{8AE7C205-6DF4-4119-B51F-D7AC3B5A24D6}.Release|Any CPU.Build.0 = Release|Any CPU
		{1AA8691F-C821-4BF8-BFD9-3BE88463DBE0}.Debug|Any CPU.ActiveCfg = Debug|Any CPU
		{1AA8691F-C821-4BF8-BFD9-3BE88463DBE0}.Debug|Any CPU.Build.0 = Debug|Any CPU
		{1AA8691F-C821-4BF8-BFD9-3BE88463DBE0}.Release|Any CPU.ActiveCfg = Release|Any CPU
		{1AA8691F-C821-4BF8-BFD9-3BE88463DBE0}.Release|Any CPU.Build.0 = Release|Any CPU
		{8B34BC57-DD40-47CA-87C4-DEE3893E75A7}.Debug|Any CPU.ActiveCfg = Debug|Any CPU
		{8B34BC57-DD40-47CA-87C4-DEE3893E75A7}.Debug|Any CPU.Build.0 = Debug|Any CPU
		{8B34BC57-DD40-47CA-87C4-DEE3893E75A7}.Release|Any CPU.ActiveCfg = Release|Any CPU
		{8B34BC57-DD40-47CA-87C4-DEE3893E75A7}.Release|Any CPU.Build.0 = Release|Any CPU
		{5411006B-BD60-4620-AB96-709B64046B5E}.Debug|Any CPU.ActiveCfg = Debug|Any CPU
		{5411006B-BD60-4620-AB96-709B64046B5E}.Debug|Any CPU.Build.0 = Debug|Any CPU
		{5411006B-BD60-4620-AB96-709B64046B5E}.Release|Any CPU.ActiveCfg = Release|Any CPU
		{5411006B-BD60-4620-AB96-709B64046B5E}.Release|Any CPU.Build.0 = Release|Any CPU
		{C80F1107-60A4-484B-A801-7D8CA0D63E35}.Debug|Any CPU.ActiveCfg = Debug|Any CPU
		{C80F1107-60A4-484B-A801-7D8CA0D63E35}.Debug|Any CPU.Build.0 = Debug|Any CPU
		{C80F1107-60A4-484B-A801-7D8CA0D63E35}.Release|Any CPU.ActiveCfg = Release|Any CPU
		{C80F1107-60A4-484B-A801-7D8CA0D63E35}.Release|Any CPU.Build.0 = Release|Any CPU
		{4A8A268C-3EEB-4D3B-989A-CAC9113E16B2}.Debug|Any CPU.ActiveCfg = Debug|Any CPU
		{4A8A268C-3EEB-4D3B-989A-CAC9113E16B2}.Debug|Any CPU.Build.0 = Debug|Any CPU
		{4A8A268C-3EEB-4D3B-989A-CAC9113E16B2}.Release|Any CPU.ActiveCfg = Release|Any CPU
		{4A8A268C-3EEB-4D3B-989A-CAC9113E16B2}.Release|Any CPU.Build.0 = Release|Any CPU
		{8FB2E402-1FDD-4A78-80AF-DAA3A1CC0F4A}.Debug|Any CPU.ActiveCfg = Debug|Any CPU
		{8FB2E402-1FDD-4A78-80AF-DAA3A1CC0F4A}.Debug|Any CPU.Build.0 = Debug|Any CPU
		{8FB2E402-1FDD-4A78-80AF-DAA3A1CC0F4A}.Release|Any CPU.ActiveCfg = Release|Any CPU
		{8FB2E402-1FDD-4A78-80AF-DAA3A1CC0F4A}.Release|Any CPU.Build.0 = Release|Any CPU
		{11E7E15B-A8DF-4128-AE8A-0C7BA55616F6}.Debug|Any CPU.ActiveCfg = Debug|Any CPU
		{11E7E15B-A8DF-4128-AE8A-0C7BA55616F6}.Debug|Any CPU.Build.0 = Debug|Any CPU
		{11E7E15B-A8DF-4128-AE8A-0C7BA55616F6}.Release|Any CPU.ActiveCfg = Release|Any CPU
		{11E7E15B-A8DF-4128-AE8A-0C7BA55616F6}.Release|Any CPU.Build.0 = Release|Any CPU
		{94E7DAF3-ABB1-4C46-94FC-3C586DB36CA5}.Debug|Any CPU.ActiveCfg = Debug|Any CPU
		{94E7DAF3-ABB1-4C46-94FC-3C586DB36CA5}.Debug|Any CPU.Build.0 = Debug|Any CPU
		{94E7DAF3-ABB1-4C46-94FC-3C586DB36CA5}.Release|Any CPU.ActiveCfg = Release|Any CPU
		{94E7DAF3-ABB1-4C46-94FC-3C586DB36CA5}.Release|Any CPU.Build.0 = Release|Any CPU
		{1972A8EB-9DD4-450D-BF23-97935491ECC1}.Debug|Any CPU.ActiveCfg = Debug|Any CPU
		{1972A8EB-9DD4-450D-BF23-97935491ECC1}.Debug|Any CPU.Build.0 = Debug|Any CPU
		{1972A8EB-9DD4-450D-BF23-97935491ECC1}.Release|Any CPU.ActiveCfg = Release|Any CPU
		{1972A8EB-9DD4-450D-BF23-97935491ECC1}.Release|Any CPU.Build.0 = Release|Any CPU
	EndGlobalSection
	GlobalSection(SolutionProperties) = preSolution
		HideSolutionNode = FALSE
	EndGlobalSection
	GlobalSection(ExtensibilityGlobals) = postSolution
		SolutionGuid = {B14E699B-BDEF-498D-84AB-2E89310CC1CD}
	EndGlobalSection
EndGlobal
